
Microsoft Visual Studio Solution File, Format Version 12.00
# Visual Studio 15
VisualStudioVersion = 15.0.28307.421
MinimumVisualStudioVersion = 10.0.40219.1
Project("{FAE04EC0-301F-11D3-BF4B-00C04F79EFBC}") = "WifiRegistration", "WifiRegistration\WifiRegistration.csproj", "{DDAE75FE-EB1A-45B1-99EC-3F736AA64FA1}"
EndProject
Global
	GlobalSection(SolutionConfigurationPlatforms) = preSolution
		Debug|Any CPU = Debug|Any CPU
		Release|Any CPU = Release|Any CPU
	EndGlobalSection
	GlobalSection(ProjectConfigurationPlatforms) = postSolution
		{DDAE75FE-EB1A-45B1-99EC-3F736AA64FA1}.Debug|Any CPU.ActiveCfg = Debug|Any CPU
		{DDAE75FE-EB1A-45B1-99EC-3F736AA64FA1}.Debug|Any CPU.Build.0 = Debug|Any CPU
		{DDAE75FE-EB1A-45B1-99EC-3F736AA64FA1}.Release|Any CPU.ActiveCfg = Release|Any CPU
		{DDAE75FE-EB1A-45B1-99EC-3F736AA64FA1}.Release|Any CPU.Build.0 = Release|Any CPU
	EndGlobalSection
	GlobalSection(SolutionProperties) = preSolution
		HideSolutionNode = FALSE
	EndGlobalSection
	GlobalSection(ExtensibilityGlobals) = postSolution
		SolutionGuid = {3548A7B7-0710-43C6-8146-B002EAE7884F}
	EndGlobalSection
EndGlobal
